
Microsoft Visual Studio Solution File, Format Version 12.00
# Visual Studio 15
VisualStudioVersion = 15.0.28307.1705
MinimumVisualStudioVersion = 10.0.40219.1
Project("{FAE04EC0-301F-11D3-BF4B-00C04F79EFBC}") = "eComerceSana", "eComerceSana\eComerceSana.csproj", "{71263297-3FFE-407E-9A2F-0447FBC391B8}"
EndProject
Project("{9A19103F-16F7-4668-BE54-9A1E7A4F7556}") = "Core", "Core\Core.csproj", "{D09E815D-0BA7-4266-9CB6-8165BDF5CC51}"
EndProject
Global
	GlobalSection(SolutionConfigurationPlatforms) = preSolution
		Debug|Any CPU = Debug|Any CPU
		Release|Any CPU = Release|Any CPU
	EndGlobalSection
	GlobalSection(ProjectConfigurationPlatforms) = postSolution
		{71263297-3FFE-407E-9A2F-0447FBC391B8}.Debug|Any CPU.ActiveCfg = Debug|Any CPU
		{71263297-3FFE-407E-9A2F-0447FBC391B8}.Debug|Any CPU.Build.0 = Debug|Any CPU
		{71263297-3FFE-407E-9A2F-0447FBC391B8}.Release|Any CPU.ActiveCfg = Release|Any CPU
		{71263297-3FFE-407E-9A2F-0447FBC391B8}.Release|Any CPU.Build.0 = Release|Any CPU
		{D09E815D-0BA7-4266-9CB6-8165BDF5CC51}.Debug|Any CPU.ActiveCfg = Debug|Any CPU
		{D09E815D-0BA7-4266-9CB6-8165BDF5CC51}.Debug|Any CPU.Build.0 = Debug|Any CPU
		{D09E815D-0BA7-4266-9CB6-8165BDF5CC51}.Release|Any CPU.ActiveCfg = Release|Any CPU
		{D09E815D-0BA7-4266-9CB6-8165BDF5CC51}.Release|Any CPU.Build.0 = Release|Any CPU
	EndGlobalSection
	GlobalSection(SolutionProperties) = preSolution
		HideSolutionNode = FALSE
	EndGlobalSection
	GlobalSection(ExtensibilityGlobals) = postSolution
		SolutionGuid = {15C2A64E-F06D-48F3-9944-35858A73EEA2}
	EndGlobalSection
EndGlobal
